// !$*UTF8*$!
{
	archiveVersion = 1;
	classes = {
	};
	objectVersion = 46;
	objects = {

/* Begin PBXBuildFile section */
		AA9B729D1D906E7100CDF360 /* main.m in Sources */ = {isa = PBXBuildFile; fileRef = AA9B729C1D906E7100CDF360 /* main.m */; };
		AA9B72A01D906E7100CDF360 /* AppDelegate.m in Sources */ = {isa = PBXBuildFile; fileRef = AA9B729F1D906E7100CDF360 /* AppDelegate.m */; };
		AA9B72A31D906E7100CDF360 /* MasterViewController.m in Sources */ = {isa = PBXBuildFile; fileRef = AA9B72A21D906E7100CDF360 /* MasterViewController.m */; };
		AA9B72A61D906E7100CDF360 /* DetailViewController.m in Sources */ = {isa = PBXBuildFile; fileRef = AA9B72A51D906E7100CDF360 /* DetailViewController.m */; };
		AA9B72A91D906E7100CDF360 /* Main.storyboard in Resources */ = {isa = PBXBuildFile; fileRef = AA9B72A71D906E7100CDF360 /* Main.storyboard */; };
		AA9B72AB1D906E7100CDF360 /* Assets.xcassets in Resources */ = {isa = PBXBuildFile; fileRef = AA9B72AA1D906E7100CDF360 /* Assets.xcassets */; };
		AA9B72AE1D906E7100CDF360 /* LaunchScreen.storyboard in Resources */ = {isa = PBXBuildFile; fileRef = AA9B72AC1D906E7100CDF360 /* LaunchScreen.storyboard */; };
		AA9B72B71D906FE900CDF360 /* RootViewController.m in Sources */ = {isa = PBXBuildFile; fileRef = AA9B72B61D906FE900CDF360 /* RootViewController.m */; };
		AA9B72BA1D907BB100CDF360 /* TableView.m in Sources */ = {isa = PBXBuildFile; fileRef = AA9B72B91D907BB100CDF360 /* TableView.m */; };
/* End PBXBuildFile section */

/* Begin PBXFileReference section */
		AA9B72981D906E7100CDF360 /* TableScrollVODemo.app */ = {isa = PBXFileReference; explicitFileType = wrapper.application; includeInIndex = 0; path = TableScrollVODemo.app; sourceTree = BUILT_PRODUCTS_DIR; };
		AA9B729C1D906E7100CDF360 /* main.m */ = {isa = PBXFileReference; lastKnownFileType = sourcecode.c.objc; path = main.m; sourceTree = "<group>"; };
		AA9B729E1D906E7100CDF360 /* AppDelegate.h */ = {isa = PBXFileReference; lastKnownFileType = sourcecode.c.h; path = AppDelegate.h; sourceTree = "<group>"; };
		AA9B729F1D906E7100CDF360 /* AppDelegate.m */ = {isa = PBXFileReference; lastKnownFileType = sourcecode.c.objc; path = AppDelegate.m; sourceTree = "<group>"; };
		AA9B72A11D906E7100CDF360 /* MasterViewController.h */ = {isa = PBXFileReference; lastKnownFileType = sourcecode.c.h; path = MasterViewController.h; sourceTree = "<group>"; };
		AA9B72A21D906E7100CDF360 /* MasterViewController.m */ = {isa = PBXFileReference; lastKnownFileType = sourcecode.c.objc; path = MasterViewController.m; sourceTree = "<group>"; };
		AA9B72A41D906E7100CDF360 /* DetailViewController.h */ = {isa = PBXFileReference; lastKnownFileType = sourcecode.c.h; path = DetailViewController.h; sourceTree = "<group>"; };
		AA9B72A51D906E7100CDF360 /* DetailViewController.m */ = {isa = PBXFileReference; lastKnownFileType = sourcecode.c.objc; path = DetailViewController.m; sourceTree = "<group>"; };
		AA9B72A81D906E7100CDF360 /* Base */ = {isa = PBXFileReference; lastKnownFileType = file.storyboard; name = Base; path = Base.lproj/Main.storyboard; sourceTree = "<group>"; };
		AA9B72AA1D906E7100CDF360 /* Assets.xcassets */ = {isa = PBXFileReference; lastKnownFileType = folder.assetcatalog; path = Assets.xcassets; sourceTree = "<group>"; };
		AA9B72AD1D906E7100CDF360 /* Base */ = {isa = PBXFileReference; lastKnownFileType = file.storyboard; name = Base; path = Base.lproj/LaunchScreen.storyboard; sourceTree = "<group>"; };
		AA9B72AF1D906E7100CDF360 /* Info.plist */ = {isa = PBXFileReference; lastKnownFileType = text.plist.xml; path = Info.plist; sourceTree = "<group>"; };
		AA9B72B51D906FE900CDF360 /* RootViewController.h */ = {isa = PBXFileReference; fileEncoding = 4; lastKnownFileType = sourcecode.c.h; path = RootViewController.h; sourceTree = "<group>"; };
		AA9B72B61D906FE900CDF360 /* RootViewController.m */ = {isa = PBXFileReference; fileEncoding = 4; lastKnownFileType = sourcecode.c.objc; path = RootViewController.m; sourceTree = "<group>"; };
		AA9B72B81D907BB100CDF360 /* TableView.h */ = {isa = PBXFileReference; fileEncoding = 4; lastKnownFileType = sourcecode.c.h; path = TableView.h; sourceTree = "<group>"; };
		AA9B72B91D907BB100CDF360 /* TableView.m */ = {isa = PBXFileReference; fileEncoding = 4; lastKnownFileType = sourcecode.c.objc; path = TableView.m; sourceTree = "<group>"; };
/* End PBXFileReference section */

/* Begin PBXFrameworksBuildPhase section */
		AA9B72951D906E7100CDF360 /* Frameworks */ = {
			isa = PBXFrameworksBuildPhase;
			buildActionMask = 2147483647;
			files = (
			);
			runOnlyForDeploymentPostprocessing = 0;
		};
/* End PBXFrameworksBuildPhase section */

/* Begin PBXGroup section */
		AA9B728F1D906E7100CDF360 = {
			isa = PBXGroup;
			children = (
				AA9B729A1D906E7100CDF360 /* TableScrollVODemo */,
				AA9B72991D906E7100CDF360 /* Products */,
			);
			sourceTree = "<group>";
		};
		AA9B72991D906E7100CDF360 /* Products */ = {
			isa = PBXGroup;
			children = (
				AA9B72981D906E7100CDF360 /* TableScrollVODemo.app */,
			);
			name = Products;
			sourceTree = "<group>";
		};
		AA9B729A1D906E7100CDF360 /* TableScrollVODemo */ = {
			isa = PBXGroup;
			children = (
				AA9B729E1D906E7100CDF360 /* AppDelegate.h */,
				AA9B729F1D906E7100CDF360 /* AppDelegate.m */,
				AA9B72A11D906E7100CDF360 /* MasterViewController.h */,
				AA9B72A21D906E7100CDF360 /* MasterViewController.m */,
				AA9B72A41D906E7100CDF360 /* DetailViewController.h */,
				AA9B72A51D906E7100CDF360 /* DetailViewController.m */,
				AA9B72A71D906E7100CDF360 /* Main.storyboard */,
				AA9B72AA1D906E7100CDF360 /* Assets.xcassets */,
				AA9B72AC1D906E7100CDF360 /* LaunchScreen.storyboard */,
				AA9B72AF1D906E7100CDF360 /* Info.plist */,
				AA9B729B1D906E7100CDF360 /* Supporting Files */,
				AA9B72B51D906FE900CDF360 /* RootViewController.h */,
				AA9B72B61D906FE900CDF360 /* RootViewController.m */,
				AA9B72B81D907BB100CDF360 /* TableView.h */,
				AA9B72B91D907BB100CDF360 /* TableView.m */,
			);
			path = TableScrollVODemo;
			sourceTree = "<group>";
		};
		AA9B729B1D906E7100CDF360 /* Supporting Files */ = {
			isa = PBXGroup;
			children = (
				AA9B729C1D906E7100CDF360 /* main.m */,
			);
			name = "Supporting Files";
			sourceTree = "<group>";
		};
/* End PBXGroup section */

/* Begin PBXNativeTarget section */
		AA9B72971D906E7100CDF360 /* TableScrollVODemo */ = {
			isa = PBXNativeTarget;
			buildConfigurationList = AA9B72B21D906E7100CDF360 /* Build configuration list for PBXNativeTarget "TableScrollVODemo" */;
			buildPhases = (
				AA9B72941D906E7100CDF360 /* Sources */,
				AA9B72951D906E7100CDF360 /* Frameworks */,
				AA9B72961D906E7100CDF360 /* Resources */,
			);
			buildRules = (
			);
			dependencies = (
			);
			name = TableScrollVODemo;
			productName = TableScrollVODemo;
			productReference = AA9B72981D906E7100CDF360 /* TableScrollVODemo.app */;
			productType = "com.apple.product-type.application";
		};
/* End PBXNativeTarget section */

/* Begin PBXProject section */
		AA9B72901D906E7100CDF360 /* Project object */ = {
			isa = PBXProject;
			attributes = {
				LastUpgradeCheck = 0800;
				ORGANIZATIONNAME = FutureTap;
				TargetAttributes = {
					AA9B72971D906E7100CDF360 = {
						CreatedOnToolsVersion = 8.0;
						DevelopmentTeam = VW6ER3YSC3;
						ProvisioningStyle = Automatic;
					};
				};
			};
			buildConfigurationList = AA9B72931D906E7100CDF360 /* Build configuration list for PBXProject "TableScrollVODemo" */;
			compatibilityVersion = "Xcode 3.2";
			developmentRegion = English;
			hasScannedForEncodings = 0;
			knownRegions = (
				en,
				Base,
			);
			mainGroup = AA9B728F1D906E7100CDF360;
			productRefGroup = AA9B72991D906E7100CDF360 /* Products */;
			projectDirPath = "";
			projectRoot = "";
			targets = (
				AA9B72971D906E7100CDF360 /* TableScrollVODemo */,
			);
		};
/* End PBXProject section */

/* Begin PBXResourcesBuildPhase section */
		AA9B72961D906E7100CDF360 /* Resources */ = {
			isa = PBXResourcesBuildPhase;
			buildActionMask = 2147483647;
			files = (
				AA9B72AE1D906E7100CDF360 /* LaunchScreen.storyboard in Resources */,
				AA9B72AB1D906E7100CDF360 /* Assets.xcassets in Resources */,
				AA9B72A91D906E7100CDF360 /* Main.storyboard in Resources */,
			);
			runOnlyForDeploymentPostprocessing = 0;
		};
/* End PBXResourcesBuildPhase section */

/* Begin PBXSourcesBuildPhase section */
		AA9B72941D906E7100CDF360 /* Sources */ = {
			isa = PBXSourcesBuildPhase;
			buildActionMask = 2147483647;
			files = (
				AA9B72A01D906E7100CDF360 /* AppDelegate.m in Sources */,
				AA9B72A31D906E7100CDF360 /* MasterViewController.m in Sources */,
				AA9B729D1D906E7100CDF360 /* main.m in Sources */,
				AA9B72BA1D907BB100CDF360 /* TableView.m in Sources */,
				AA9B72A61D906E7100CDF360 /* DetailViewController.m in Sources */,
				AA9B72B71D906FE900CDF360 /* RootViewController.m in Sources */,
			);
			runOnlyForDeploymentPostprocessing = 0;
		};
/* End PBXSourcesBuildPhase section */

/* Begin PBXVariantGroup section */
		AA9B72A71D906E7100CDF360 /* Main.storyboard */ = {
			isa = PBXVariantGroup;
			children = (
				AA9B72A81D906E7100CDF360 /* Base */,
			);
			name = Main.storyboard;
			sourceTree = "<group>";
		};
		AA9B72AC1D906E7100CDF360 /* LaunchScreen.storyboard */ = {
			isa = PBXVariantGroup;
			children = (
				AA9B72AD1D906E7100CDF360 /* Base */,
			);
			name = LaunchScreen.storyboard;
			sourceTree = "<group>";
		};
/* End PBXVariantGroup section */

/* Begin XCBuildConfiguration section */
		AA9B72B01D906E7100CDF360 /* Debug */ = {
			isa = XCBuildConfiguration;
			buildSettings = {
				ALWAYS_SEARCH_USER_PATHS = NO;
				CLANG_ANALYZER_NONNULL = YES;
				CLANG_CXX_LANGUAGE_STANDARD = "gnu++0x";
				CLANG_CXX_LIBRARY = "libc++";
				CLANG_ENABLE_MODULES = YES;
				CLANG_ENABLE_OBJC_ARC = YES;
				CLANG_WARN_BOOL_CONVERSION = YES;
				CLANG_WARN_CONSTANT_CONVERSION = YES;
				CLANG_WARN_DIRECT_OBJC_ISA_USAGE = YES_ERROR;
				CLANG_WARN_DOCUMENTATION_COMMENTS = YES;
				CLANG_WARN_EMPTY_BODY = YES;
				CLANG_WARN_ENUM_CONVERSION = YES;
				CLANG_WARN_INFINITE_RECURSION = YES;
				CLANG_WARN_INT_CONVERSION = YES;
				CLANG_WARN_OBJC_ROOT_CLASS = YES_ERROR;
				CLANG_WARN_SUSPICIOUS_MOVES = YES;
				CLANG_WARN_UNREACHABLE_CODE = YES;
				CLANG_WARN__DUPLICATE_METHOD_MATCH = YES;
				"CODE_SIGN_IDENTITY[sdk=iphoneos*]" = "iPhone Developer";
				COPY_PHASE_STRIP = NO;
				DEBUG_INFORMATION_FORMAT = dwarf;
				ENABLE_STRICT_OBJC_MSGSEND = YES;
				ENABLE_TESTABILITY = YES;
				GCC_C_LANGUAGE_STANDARD = gnu99;
				GCC_DYNAMIC_NO_PIC = NO;
				GCC_NO_COMMON_BLOCKS = YES;
				GCC_OPTIMIZATION_LEVEL = 0;
				GCC_PREPROCESSOR_DEFINITIONS = (
					"DEBUG=1",
					"$(inherited)",
				);
				GCC_WARN_64_TO_32_BIT_CONVERSION = YES;
				GCC_WARN_ABOUT_RETURN_TYPE = YES_ERROR;
				GCC_WARN_UNDECLARED_SELECTOR = YES;
				GCC_WARN_UNINITIALIZED_AUTOS = YES_AGGRESSIVE;
				GCC_WARN_UNUSED_FUNCTION = YES;
				GCC_WARN_UNUSED_VARIABLE = YES;
				IPHONEOS_DEPLOYMENT_TARGET = 10.0;
				MTL_ENABLE_DEBUG_INFO = YES;
				ONLY_ACTIVE_ARCH = YES;
				SDKROOT = iphoneos;
			};
			name = Debug;
		};
		AA9B72B11D906E7100CDF360 /* Release */ = {
			isa = XCBuildConfiguration;
			buildSettings = {
				ALWAYS_SEARCH_USER_PATHS = NO;
				CLANG_ANALYZER_NONNULL = YES;
				CLANG_CXX_LANGUAGE_STANDARD = "gnu++0x";
				CLANG_CXX_LIBRARY = "libc++";
				CLANG_ENABLE_MODULES = YES;
				CLANG_ENABLE_OBJC_ARC = YES;
				CLANG_WARN_BOOL_CONVERSION = YES;
				CLANG_WARN_CONSTANT_CONVERSION = YES;
				CLANG_WARN_DIRECT_OBJC_ISA_USAGE = YES_ERROR;
				CLANG_WARN_DOCUMENTATION_COMMENTS = YES;
				CLANG_WARN_EMPTY_BODY = YES;
				CLANG_WARN_ENUM_CONVERSION = YES;
				CLANG_WARN_INFINITE_RECURSION = YES;
				CLANG_WARN_INT_CONVERSION = YES;
				CLANG_WARN_OBJC_ROOT_CLASS = YES_ERROR;
				CLANG_WARN_SUSPICIOUS_MOVES = YES;
				CLANG_WARN_UNREACHABLE_CODE = YES;
				CLANG_WARN__DUPLICATE_METHOD_MATCH = YES;
				"CODE_SIGN_IDENTITY[sdk=iphoneos*]" = "iPhone Developer";
				COPY_PHASE_STRIP = NO;
				DEBUG_INFORMATION_FORMAT = "dwarf-with-dsym";
				ENABLE_NS_ASSERTIONS = NO;
				ENABLE_STRICT_OBJC_MSGSEND = YES;
				GCC_C_LANGUAGE_STANDARD = gnu99;
				GCC_NO_COMMON_BLOCKS = YES;
				GCC_WARN_64_TO_32_BIT_CONVERSION = YES;
				GCC_WARN_ABOUT_RETURN_TYPE = YES_ERROR;
				GCC_WARN_UNDECLARED_SELECTOR = YES;
				GCC_WARN_UNINITIALIZED_AUTOS = YES_AGGRESSIVE;
				GCC_WARN_UNUSED_FUNCTION = YES;
				GCC_WARN_UNUSED_VARIABLE = YES;
				IPHONEOS_DEPLOYMENT_TARGET = 10.0;
				MTL_ENABLE_DEBUG_INFO = NO;
				SDKROOT = iphoneos;
				VALIDATE_PRODUCT = YES;
			};
			name = Release;
		};
		AA9B72B31D906E7100CDF360 /* Debug */ = {
			isa = XCBuildConfiguration;
			buildSettings = {
				ASSETCATALOG_COMPILER_APPICON_NAME = AppIcon;
				DEVELOPMENT_TEAM = VW6ER3YSC3;
				INFOPLIST_FILE = TableScrollVODemo/Info.plist;
				LD_RUNPATH_SEARCH_PATHS = "$(inherited) @executable_path/Frameworks";
				PRODUCT_BUNDLE_IDENTIFIER = com.futuretap.TableScrollVODemo;
				PRODUCT_NAME = "$(TARGET_NAME)";
			};
			name = Debug;
		};
		AA9B72B41D906E7100CDF360 /* Release */ = {
			isa = XCBuildConfiguration;
			buildSettings = {
				ASSETCATALOG_COMPILER_APPICON_NAME = AppIcon;
				DEVELOPMENT_TEAM = VW6ER3YSC3;
				INFOPLIST_FILE = TableScrollVODemo/Info.plist;
				LD_RUNPATH_SEARCH_PATHS = "$(inherited) @executable_path/Frameworks";
				PRODUCT_BUNDLE_IDENTIFIER = com.futuretap.TableScrollVODemo;
				PRODUCT_NAME = "$(TARGET_NAME)";
			};
			name = Release;
		};
/* End XCBuildConfiguration section */

/* Begin XCConfigurationList section */
		AA9B72931D906E7100CDF360 /* Build configuration list for PBXProject "TableScrollVODemo" */ = {
			isa = XCConfigurationList;
			buildConfigurations = (
				AA9B72B01D906E7100CDF360 /* Debug */,
				AA9B72B11D906E7100CDF360 /* Release */,
			);
			defaultConfigurationIsVisible = 0;
			defaultConfigurationName = Release;
		};
		AA9B72B21D906E7100CDF360 /* Build configuration list for PBXNativeTarget "TableScrollVODemo" */ = {
			isa = XCConfigurationList;
			buildConfigurations = (
				AA9B72B31D906E7100CDF360 /* Debug */,
				AA9B72B41D906E7100CDF360 /* Release */,
			);
			defaultConfigurationIsVisible = 0;
			defaultConfigurationName = Release;
		};
/* End XCConfigurationList section */
	};
	rootObject = AA9B72901D906E7100CDF360 /* Project object */;
}
